
Microsoft Visual Studio Solution File, Format Version 12.00
# Visual Studio Version 17
VisualStudioVersion = 17.11.35303.130
MinimumVisualStudioVersion = 10.0.40219.1
Project("{2150E333-8FDC-42A3-9474-1A3956D46DE8}") = "Solution Items", "Solution Items", "{499CE742-1D3C-47A9-8E62-6E2B771D420B}"
	ProjectSection(SolutionItems) = preProject
		.gitignore = .gitignore
		README.md = README.md
	EndProjectSection
EndProject
Project("{FAE04EC0-301F-11D3-BF4B-00C04F79EFBC}") = "Desafio01", "Desafio01\Desafio01.csproj", "{35529E6E-B891-4BB6-9CC5-91B5D2A6EEB4}"
EndProject
Project("{FAE04EC0-301F-11D3-BF4B-00C04F79EFBC}") = "Desafio02", "Desafio02\Desafio02.csproj", "{ECC527EA-D0DF-4E8C-B432-36E3DF327D12}"
EndProject
Project("{FAE04EC0-301F-11D3-BF4B-00C04F79EFBC}") = "Desafio03", "Desafio03\Desafio03.csproj", "{1E4397B6-659C-4B3C-AC39-83EB039E8093}"
EndProject
Global
	GlobalSection(SolutionConfigurationPlatforms) = preSolution
		Debug|Any CPU = Debug|Any CPU
		Release|Any CPU = Release|Any CPU
	EndGlobalSection
	GlobalSection(ProjectConfigurationPlatforms) = postSolution
		{35529E6E-B891-4BB6-9CC5-91B5D2A6EEB4}.Debug|Any CPU.ActiveCfg = Debug|Any CPU
		{35529E6E-B891-4BB6-9CC5-91B5D2A6EEB4}.Debug|Any CPU.Build.0 = Debug|Any CPU
		{35529E6E-B891-4BB6-9CC5-91B5D2A6EEB4}.Release|Any CPU.ActiveCfg = Release|Any CPU
		{35529E6E-B891-4BB6-9CC5-91B5D2A6EEB4}.Release|Any CPU.Build.0 = Release|Any CPU
		{ECC527EA-D0DF-4E8C-B432-36E3DF327D12}.Debug|Any CPU.ActiveCfg = Debug|Any CPU
		{ECC527EA-D0DF-4E8C-B432-36E3DF327D12}.Debug|Any CPU.Build.0 = Debug|Any CPU
		{ECC527EA-D0DF-4E8C-B432-36E3DF327D12}.Release|Any CPU.ActiveCfg = Release|Any CPU
		{ECC527EA-D0DF-4E8C-B432-36E3DF327D12}.Release|Any CPU.Build.0 = Release|Any CPU
		{1E4397B6-659C-4B3C-AC39-83EB039E8093}.Debug|Any CPU.ActiveCfg = Debug|Any CPU
		{1E4397B6-659C-4B3C-AC39-83EB039E8093}.Debug|Any CPU.Build.0 = Debug|Any CPU
		{1E4397B6-659C-4B3C-AC39-83EB039E8093}.Release|Any CPU.ActiveCfg = Release|Any CPU
		{1E4397B6-659C-4B3C-AC39-83EB039E8093}.Release|Any CPU.Build.0 = Release|Any CPU
	EndGlobalSection
	GlobalSection(SolutionProperties) = preSolution
		HideSolutionNode = FALSE
	EndGlobalSection
	GlobalSection(ExtensibilityGlobals) = postSolution
		SolutionGuid = {5BEE87D4-3E01-40B5-82BF-37AF202D79A4}
	EndGlobalSection
EndGlobal
